	<Project xmlns="http://schemas.microsoft.com/developer/msbuild/2003">
		<PropertyGroup>
			<ProjectGuid>{4C4B77A9-7747-4486-8269-5CF789422DAC}</ProjectGuid>
			<MainSource>CollectionsTests.dpr</MainSource>
			<ProjectVersion>12.3</ProjectVersion>
			<Base>True</Base>
			<Config Condition="'$(Config)'==''">Debug</Config>
			<Platform>Win32</Platform>
			<AppType>Application</AppType>
			<FrameworkType>VCL</FrameworkType>
			<DCC_DCCCompiler>DCC32</DCC_DCCCompiler>
		</PropertyGroup>
		<PropertyGroup Condition="'$(Config)'=='Base' or '$(Base)'!=''">
			<Base>true</Base>
		</PropertyGroup>
		<PropertyGroup Condition="'$(Config)'=='Debug' or '$(Cfg_1)'!=''">
			<Cfg_1>true</Cfg_1>
			<CfgParent>Base</CfgParent>
			<Base>true</Base>
		</PropertyGroup>
		<PropertyGroup Condition="'$(Platform)'=='Win32' and '$(Cfg_1)'=='true' or '$(Cfg_1_Win32)'!=''">
			<Cfg_1_Win32>true</Cfg_1_Win32>
			<CfgParent>Cfg_1</CfgParent>
			<Cfg_1>true</Cfg_1>
			<Base>true</Base>
		</PropertyGroup>
		<PropertyGroup Condition="'$(Config)'=='Release' or '$(Cfg_2)'!=''">
			<Cfg_2>true</Cfg_2>
			<CfgParent>Base</CfgParent>
			<Base>true</Base>
		</PropertyGroup>
		<PropertyGroup Condition="'$(Base)'!=''">
			<DCC_UsePackage>vclx;vcl;rtl;vclimg;vcldb;dbrtl;adortl;DbxCommonDriver;dbexpress;dbxcds;xmlrtl;vclie;inet;IndyProtocols;ExpertsCreators;ExpertsUI;inetdbbde;inetdbxpress;vclactnband;vclribbon;soaprtl;dsnap;dsnapcon;websnap;webdsnap;inetdb;bdertl;vcldbx;IndySystem;IndyCore;DataSnapIndy10ServerTransport;DataSnapProviderClient;DbxClientDriver;DataSnapClient;DataSnapServer;DBXInterBaseDriver;DBXMySQLDriver;DBXFirebirdDriver;DBXSybaseASEDriver;DBXSybaseASADriver;DBXOracleDriver;DBXMSSQLDriver;DBXInformixDriver;DBXDb2Driver;AzureCloud;vcltouch;svnui;svn;CloudService</DCC_UsePackage>
			<DCC_UnitSearchPath>$(BDS)\Source\DUnit\src;$(DCC_UnitSearchPath)</DCC_UnitSearchPath>
			<DCC_ImageBase>00400000</DCC_ImageBase>
			<DCC_ExeOutput>.\$(Config)\$(Platform)</DCC_ExeOutput>
			<DCC_UnitAlias>WinTypes=Windows;WinProcs=Windows;DbiTypes=BDE;DbiProcs=BDE;$(DCC_UnitAlias)</DCC_UnitAlias>
			<DCC_Define>_CONSOLE_TESTRUNNER;$(DCC_Define)</DCC_Define>
			<DCC_DcuOutput>.</DCC_DcuOutput>
			<DCC_N>false</DCC_N>
			<DCC_S>false</DCC_S>
			<DCC_K>false</DCC_K>
			<DCC_E>false</DCC_E>
			<DCC_F>false</DCC_F>
		</PropertyGroup>
		<PropertyGroup Condition="'$(Cfg_1)'!=''">
			<DCC_Define>DEBUG;$(DCC_Define)</DCC_Define>
			<DCC_Optimize>false</DCC_Optimize>
			<DCC_GenerateStackFrames>true</DCC_GenerateStackFrames>
		</PropertyGroup>
		<PropertyGroup Condition="'$(Cfg_1_Win32)'!=''">
			<DCC_ExeOutput>..\..\bin\$(Config)\$(Platform)</DCC_ExeOutput>
			<DCC_BplOutput>..\..\bin\$(Config)\$(Platform)</DCC_BplOutput>
			<DCC_UnitSearchPath>..\..\bin\$(Config)\$(Platform);$(DCC_UnitSearchPath)</DCC_UnitSearchPath>
			<DCC_DcpOutput>..\..\bin\$(Config)\$(Platform)</DCC_DcpOutput>
			<DCC_DcuOutput>..\..\bin\$(Config)\$(Platform)</DCC_DcuOutput>
		</PropertyGroup>
		<PropertyGroup Condition="'$(Cfg_2)'!=''">
			<DCC_LocalDebugSymbols>false</DCC_LocalDebugSymbols>
			<DCC_Define>RELEASE;$(DCC_Define)</DCC_Define>
			<DCC_SymbolReferenceInfo>0</DCC_SymbolReferenceInfo>
			<DCC_DebugInformation>false</DCC_DebugInformation>
		</PropertyGroup>
		<ItemGroup>
			<DelphiCompile Include="CollectionsTests.dpr">
				<MainSource>MainSource</MainSource>
			</DelphiCompile>
			<DCCReference Include="Tests.Base.pas"/>
			<DCCReference Include="Tests.Bag.pas"/>
			<DCCReference Include="Tests.BidiMap.pas"/>
			<DCCReference Include="Tests.Dictionary.pas"/>
			<DCCReference Include="Tests.DistinctMultiMap.pas"/>
			<DCCReference Include="Tests.DoubleSortedBidiMap.pas"/>
			<DCCReference Include="Tests.DoubleSortedDistinctMultiMap.pas"/>
			<DCCReference Include="Tests.DoubleSortedMultiMap.pas"/>
			<DCCReference Include="Tests.HashSet.pas"/>
			<DCCReference Include="Tests.LinkedList.pas"/>
			<DCCReference Include="Tests.LinkedQueue.pas"/>
			<DCCReference Include="Tests.LinkedStack.pas"/>
			<DCCReference Include="Tests.List.pas"/>
			<DCCReference Include="Tests.LinkedDictionary.pas"/>
			<DCCReference Include="Tests.LinkedSet.pas"/>
			<DCCReference Include="Tests.MultiMap.pas"/>
			<DCCReference Include="Tests.PriorityQueue.pas"/>
			<DCCReference Include="Tests.Queue.pas"/>
			<DCCReference Include="Tests.ArraySet.pas"/>
			<DCCReference Include="Tests.SortedBag.pas"/>
			<DCCReference Include="Tests.SortedBidiMap.pas"/>
			<DCCReference Include="Tests.SortedDictionary.pas"/>
			<DCCReference Include="Tests.SortedDistinctMultiMap.pas"/>
			<DCCReference Include="Tests.SortedList.pas"/>
			<DCCReference Include="Tests.SortedMultiMap.pas"/>
			<DCCReference Include="Tests.SortedSet.pas"/>
			<DCCReference Include="Tests.SortedLinkedList.pas"/>
			<DCCReference Include="Tests.Stack.pas"/>
			<DCCReference Include="Tests.Utils.pas"/>
			<DCCReference Include="Tests.Enex.pas"/>
			<DCCReference Include="Tests.Dynamic.pas"/>
			<BuildConfiguration Include="Release">
				<Key>Cfg_2</Key>
				<CfgParent>Base</CfgParent>
			</BuildConfiguration>
			<BuildConfiguration Include="Base">
				<Key>Base</Key>
			</BuildConfiguration>
			<BuildConfiguration Include="Debug">
				<Key>Cfg_1</Key>
				<CfgParent>Base</CfgParent>
			</BuildConfiguration>
		</ItemGroup>
		<Import Condition="Exists('$(BDS)\Bin\CodeGear.Delphi.Targets')" Project="$(BDS)\Bin\CodeGear.Delphi.Targets"/>
		<Import Condition="Exists('$(APPDATA)\Embarcadero\$(BDSAPPDATABASEDIR)\8.0\UserTools.proj')" Project="$(APPDATA)\Embarcadero\$(BDSAPPDATABASEDIR)\8.0\UserTools.proj"/>
		<ProjectExtensions>
			<Borland.Personality>Delphi.Personality.12</Borland.Personality>
			<Borland.ProjectType/>
			<BorlandProject>
				<Delphi.Personality>
					<VersionInfo>
						<VersionInfo Name="IncludeVerInfo">True</VersionInfo>
						<VersionInfo Name="AutoIncBuild">True</VersionInfo>
						<VersionInfo Name="MajorVer">1</VersionInfo>
						<VersionInfo Name="MinorVer">1</VersionInfo>
						<VersionInfo Name="Release">0</VersionInfo>
						<VersionInfo Name="Build">20</VersionInfo>
						<VersionInfo Name="Debug">False</VersionInfo>
						<VersionInfo Name="PreRelease">False</VersionInfo>
						<VersionInfo Name="Special">False</VersionInfo>
						<VersionInfo Name="Private">False</VersionInfo>
						<VersionInfo Name="DLL">False</VersionInfo>
						<VersionInfo Name="Locale">1033</VersionInfo>
						<VersionInfo Name="CodePage">1252</VersionInfo>
					</VersionInfo>
					<VersionInfoKeys>
						<VersionInfoKeys Name="CompanyName">Alexandru Ciobanu</VersionInfoKeys>
						<VersionInfoKeys Name="FileDescription">Collections Tests</VersionInfoKeys>
						<VersionInfoKeys Name="FileVersion">1.1.0.20</VersionInfoKeys>
						<VersionInfoKeys Name="InternalName">delphi-coll</VersionInfoKeys>
						<VersionInfoKeys Name="LegalCopyright">Alexandru Ciobanu</VersionInfoKeys>
						<VersionInfoKeys Name="LegalTrademarks"/>
						<VersionInfoKeys Name="OriginalFilename"/>
						<VersionInfoKeys Name="ProductName">Collections Tests</VersionInfoKeys>
						<VersionInfoKeys Name="ProductVersion">1.1.0.0</VersionInfoKeys>
						<VersionInfoKeys Name="Comments"/>
					</VersionInfoKeys>
					<Source>
						<Source Name="MainSource">CollectionsTests.dpr</Source>
					</Source>
				</Delphi.Personality>
				<Deployment/>
				<Platforms>
					<Platform value="OSX32">True</Platform>
					<Platform value="Win32">True</Platform>
				</Platforms>
				<UnitTesting>
					<TestFramework>DUnit / Delphi Win32</TestFramework>
					<TestRunner>GUI</TestRunner>
					<SourceProjectName>D:\Projects\coll\src\Library\Collections.dproj</SourceProjectName>
					<TestProjectName/>
				</UnitTesting>
			</BorlandProject>
			<ProjectFileVersion>12</ProjectFileVersion>
		</ProjectExtensions>
	</Project>
